
Microsoft Visual Studio Solution File, Format Version 12.00
# Visual Studio Version 17
VisualStudioVersion = 17.11.35219.272
MinimumVisualStudioVersion = 10.0.40219.1
Project("{9A19103F-16F7-4668-BE54-9A1E7A4F7556}") = "Kursevi", "Kursevi\Kursevi.csproj", "{5BF38E3D-E251-4603-9132-2EFB297A31AD}"
EndProject
Project("{FAE04EC0-301F-11D3-BF4B-00C04F79EFBC}") = "TestKursevi", "TestKursevi\TestKursevi.csproj", "{923F3839-6938-415E-B83D-3A3F7706A1BD}"
EndProject
Global
	GlobalSection(SolutionConfigurationPlatforms) = preSolution
		Debug|Any CPU = Debug|Any CPU
		Release|Any CPU = Release|Any CPU
	EndGlobalSection
	GlobalSection(ProjectConfigurationPlatforms) = postSolution
		{5BF38E3D-E251-4603-9132-2EFB297A31AD}.Debug|Any CPU.ActiveCfg = Debug|Any CPU
		{5BF38E3D-E251-4603-9132-2EFB297A31AD}.Debug|Any CPU.Build.0 = Debug|Any CPU
		{5BF38E3D-E251-4603-9132-2EFB297A31AD}.Release|Any CPU.ActiveCfg = Release|Any CPU
		{5BF38E3D-E251-4603-9132-2EFB297A31AD}.Release|Any CPU.Build.0 = Release|Any CPU
		{923F3839-6938-415E-B83D-3A3F7706A1BD}.Debug|Any CPU.ActiveCfg = Debug|Any CPU
		{923F3839-6938-415E-B83D-3A3F7706A1BD}.Debug|Any CPU.Build.0 = Debug|Any CPU
		{923F3839-6938-415E-B83D-3A3F7706A1BD}.Release|Any CPU.ActiveCfg = Release|Any CPU
		{923F3839-6938-415E-B83D-3A3F7706A1BD}.Release|Any CPU.Build.0 = Release|Any CPU
	EndGlobalSection
	GlobalSection(SolutionProperties) = preSolution
		HideSolutionNode = FALSE
	EndGlobalSection
	GlobalSection(ExtensibilityGlobals) = postSolution
		SolutionGuid = {C3D17F8C-0F9B-4A60-BBE7-1C52E1C441BC}
	EndGlobalSection
EndGlobal
